
Microsoft Visual Studio Solution File, Format Version 12.00
# Visual Studio Version 16
VisualStudioVersion = 16.0.29728.190
MinimumVisualStudioVersion = 10.0.40219.1
Project("{9A19103F-16F7-4668-BE54-9A1E7A4F7556}") = "Clients.API", "Clients\Clients.API\Clients.API.csproj", "{8E81A139-9820-48AB-901D-01CB46B37902}"
EndProject
Project("{2150E333-8FDC-42A3-9474-1A3956D46DE8}") = "Solution Items", "Solution Items", "{391399DF-DA89-434E-AF56-D7250B2F9C24}"
	ProjectSection(SolutionItems) = preProject
		.editorconfig = .editorconfig
	EndProjectSection
EndProject
Project("{2150E333-8FDC-42A3-9474-1A3956D46DE8}") = "Clients", "Clients", "{73AE008D-E3D5-499F-9BC1-C6377823B805}"
EndProject
Project("{FAE04EC0-301F-11D3-BF4B-00C04F79EFBC}") = "Clients.UnitTests", "Clients\Clients.UnitTests\Clients.UnitTests.csproj", "{7993B194-1D8F-41F7-908B-946E4EB39D5A}"
EndProject
Global
	GlobalSection(SolutionConfigurationPlatforms) = preSolution
		Debug|Any CPU = Debug|Any CPU
		Release|Any CPU = Release|Any CPU
	EndGlobalSection
	GlobalSection(ProjectConfigurationPlatforms) = postSolution
		{8E81A139-9820-48AB-901D-01CB46B37902}.Debug|Any CPU.ActiveCfg = Debug|Any CPU
		{8E81A139-9820-48AB-901D-01CB46B37902}.Debug|Any CPU.Build.0 = Debug|Any CPU
		{8E81A139-9820-48AB-901D-01CB46B37902}.Release|Any CPU.ActiveCfg = Release|Any CPU
		{8E81A139-9820-48AB-901D-01CB46B37902}.Release|Any CPU.Build.0 = Release|Any CPU
		{7993B194-1D8F-41F7-908B-946E4EB39D5A}.Debug|Any CPU.ActiveCfg = Debug|Any CPU
		{7993B194-1D8F-41F7-908B-946E4EB39D5A}.Debug|Any CPU.Build.0 = Debug|Any CPU
		{7993B194-1D8F-41F7-908B-946E4EB39D5A}.Release|Any CPU.ActiveCfg = Release|Any CPU
		{7993B194-1D8F-41F7-908B-946E4EB39D5A}.Release|Any CPU.Build.0 = Release|Any CPU
	EndGlobalSection
	GlobalSection(SolutionProperties) = preSolution
		HideSolutionNode = FALSE
	EndGlobalSection
	GlobalSection(NestedProjects) = preSolution
		{8E81A139-9820-48AB-901D-01CB46B37902} = {73AE008D-E3D5-499F-9BC1-C6377823B805}
		{7993B194-1D8F-41F7-908B-946E4EB39D5A} = {73AE008D-E3D5-499F-9BC1-C6377823B805}
	EndGlobalSection
	GlobalSection(ExtensibilityGlobals) = postSolution
		SolutionGuid = {DCDF255E-7CB7-45C7-AED7-24BDFFBEB0E4}
	EndGlobalSection
EndGlobal
